// !$*UTF8*$!
{
	archiveVersion = 1;
	classes = {
	};
	objectVersion = 55;
	objects = {

/* Begin PBXBuildFile section */
		7934B8EE283F498C0054DAA9 /* HistoryData.xcdatamodeld in Sources */ = {isa = PBXBuildFile; fileRef = 7934B8EC283F498C0054DAA9 /* HistoryData.xcdatamodeld */; };
		7934B8F1283F4B920054DAA9 /* DataController.swift in Sources */ = {isa = PBXBuildFile; fileRef = 7934B8F0283F4B920054DAA9 /* DataController.swift */; };
		7943E3482839DBE0007EE522 /* PizzaMainView.swift in Sources */ = {isa = PBXBuildFile; fileRef = 7943E3472839DBE0007EE522 /* PizzaMainView.swift */; };
		7943E34A2839DC94007EE522 /* PizzaFavouriteView.swift in Sources */ = {isa = PBXBuildFile; fileRef = 7943E3492839DC94007EE522 /* PizzaFavouriteView.swift */; };
		7943E34C2839F2C2007EE522 /* PizzaListView.swift in Sources */ = {isa = PBXBuildFile; fileRef = 7943E34B2839F2C2007EE522 /* PizzaListView.swift */; };
		7943E34E2839F2CF007EE522 /* PizzaRowView.swift in Sources */ = {isa = PBXBuildFile; fileRef = 7943E34D2839F2CF007EE522 /* PizzaRowView.swift */; };
		7943E352283A197C007EE522 /* PizzaDetailView.swift in Sources */ = {isa = PBXBuildFile; fileRef = 7943E351283A197C007EE522 /* PizzaDetailView.swift */; };
		7943E359283A7047007EE522 /* PizzaData.swift in Sources */ = {isa = PBXBuildFile; fileRef = 7943E358283A7047007EE522 /* PizzaData.swift */; };
		7943E35B283AA754007EE522 /* PizzaListVIewUnfil.swift in Sources */ = {isa = PBXBuildFile; fileRef = 7943E35A283AA754007EE522 /* PizzaListVIewUnfil.swift */; };
		7953828528392197003D85ED /* pizzaAppApp.swift in Sources */ = {isa = PBXBuildFile; fileRef = 7953828428392197003D85ED /* pizzaAppApp.swift */; };
		7953828728392197003D85ED /* ContentView.swift in Sources */ = {isa = PBXBuildFile; fileRef = 7953828628392197003D85ED /* ContentView.swift */; };
		7953828928392198003D85ED /* Assets.xcassets in Resources */ = {isa = PBXBuildFile; fileRef = 7953828828392198003D85ED /* Assets.xcassets */; };
		7953828C28392198003D85ED /* Preview Assets.xcassets in Resources */ = {isa = PBXBuildFile; fileRef = 7953828B28392198003D85ED /* Preview Assets.xcassets */; };
		79538293283924D6003D85ED /* Pizzas.json in Resources */ = {isa = PBXBuildFile; fileRef = 79538292283924D6003D85ED /* Pizzas.json */; };
		79538299283925F0003D85ED /* Pizza.swift in Sources */ = {isa = PBXBuildFile; fileRef = 79538298283925F0003D85ED /* Pizza.swift */; };
		7953829D2839275B003D85ED /* AddPizza.swift in Sources */ = {isa = PBXBuildFile; fileRef = 7953829C2839275B003D85ED /* AddPizza.swift */; };
/* End PBXBuildFile section */

/* Begin PBXFileReference section */
		7934B8ED283F498C0054DAA9 /* FavouritesData.xcdatamodel */ = {isa = PBXFileReference; lastKnownFileType = wrapper.xcdatamodel; path = FavouritesData.xcdatamodel; sourceTree = "<group>"; };
		7934B8F0283F4B920054DAA9 /* DataController.swift */ = {isa = PBXFileReference; lastKnownFileType = sourcecode.swift; path = DataController.swift; sourceTree = "<group>"; };
		7943E3472839DBE0007EE522 /* PizzaMainView.swift */ = {isa = PBXFileReference; lastKnownFileType = sourcecode.swift; path = PizzaMainView.swift; sourceTree = "<group>"; };
		7943E3492839DC94007EE522 /* PizzaFavouriteView.swift */ = {isa = PBXFileReference; lastKnownFileType = sourcecode.swift; path = PizzaFavouriteView.swift; sourceTree = "<group>"; };
		7943E34B2839F2C2007EE522 /* PizzaListView.swift */ = {isa = PBXFileReference; lastKnownFileType = sourcecode.swift; path = PizzaListView.swift; sourceTree = "<group>"; };
		7943E34D2839F2CF007EE522 /* PizzaRowView.swift */ = {isa = PBXFileReference; lastKnownFileType = sourcecode.swift; path = PizzaRowView.swift; sourceTree = "<group>"; };
		7943E351283A197C007EE522 /* PizzaDetailView.swift */ = {isa = PBXFileReference; lastKnownFileType = sourcecode.swift; path = PizzaDetailView.swift; sourceTree = "<group>"; };
		7943E358283A7047007EE522 /* PizzaData.swift */ = {isa = PBXFileReference; lastKnownFileType = sourcecode.swift; path = PizzaData.swift; sourceTree = "<group>"; };
		7943E35A283AA754007EE522 /* PizzaListVIewUnfil.swift */ = {isa = PBXFileReference; lastKnownFileType = sourcecode.swift; path = PizzaListVIewUnfil.swift; sourceTree = "<group>"; };
		7953828128392197003D85ED /* pizzaApp.app */ = {isa = PBXFileReference; explicitFileType = wrapper.application; includeInIndex = 0; path = pizzaApp.app; sourceTree = BUILT_PRODUCTS_DIR; };
		7953828428392197003D85ED /* pizzaAppApp.swift */ = {isa = PBXFileReference; lastKnownFileType = sourcecode.swift; path = pizzaAppApp.swift; sourceTree = "<group>"; };
		7953828628392197003D85ED /* ContentView.swift */ = {isa = PBXFileReference; lastKnownFileType = sourcecode.swift; path = ContentView.swift; sourceTree = "<group>"; };
		7953828828392198003D85ED /* Assets.xcassets */ = {isa = PBXFileReference; lastKnownFileType = folder.assetcatalog; path = Assets.xcassets; sourceTree = "<group>"; };
		7953828B28392198003D85ED /* Preview Assets.xcassets */ = {isa = PBXFileReference; lastKnownFileType = folder.assetcatalog; path = "Preview Assets.xcassets"; sourceTree = "<group>"; };
		79538292283924D6003D85ED /* Pizzas.json */ = {isa = PBXFileReference; fileEncoding = 4; lastKnownFileType = text.json; path = Pizzas.json; sourceTree = "<group>"; };
		79538298283925F0003D85ED /* Pizza.swift */ = {isa = PBXFileReference; lastKnownFileType = sourcecode.swift; path = Pizza.swift; sourceTree = "<group>"; };
		7953829C2839275B003D85ED /* AddPizza.swift */ = {isa = PBXFileReference; lastKnownFileType = sourcecode.swift; path = AddPizza.swift; sourceTree = "<group>"; };
/* End PBXFileReference section */

/* Begin PBXFrameworksBuildPhase section */
		7953827E28392197003D85ED /* Frameworks */ = {
			isa = PBXFrameworksBuildPhase;
			buildActionMask = 2147483647;
			files = (
			);
			runOnlyForDeploymentPostprocessing = 0;
		};
/* End PBXFrameworksBuildPhase section */

/* Begin PBXGroup section */
		7934B8EB283F49650054DAA9 /* DataModel */ = {
			isa = PBXGroup;
			children = (
				7934B8EC283F498C0054DAA9 /* HistoryData.xcdatamodeld */,
				7934B8F0283F4B920054DAA9 /* DataController.swift */,
			);
			path = DataModel;
			sourceTree = "<group>";
		};
		7934B8EF283F4B680054DAA9 /* JsonStoragee */ = {
			isa = PBXGroup;
			children = (
				79538292283924D6003D85ED /* Pizzas.json */,
				7943E358283A7047007EE522 /* PizzaData.swift */,
			);
			path = JsonStoragee;
			sourceTree = "<group>";
		};
		7943E350283A1958007EE522 /* DetailView */ = {
			isa = PBXGroup;
			children = (
				7943E351283A197C007EE522 /* PizzaDetailView.swift */,
			);
			path = DetailView;
			sourceTree = "<group>";
		};
		7953827828392197003D85ED = {
			isa = PBXGroup;
			children = (
				7953828328392197003D85ED /* pizzaApp */,
				7953828228392197003D85ED /* Products */,
			);
			sourceTree = "<group>";
		};
		7953828228392197003D85ED /* Products */ = {
			isa = PBXGroup;
			children = (
				7953828128392197003D85ED /* pizzaApp.app */,
			);
			name = Products;
			sourceTree = "<group>";
		};
		7953828328392197003D85ED /* pizzaApp */ = {
			isa = PBXGroup;
			children = (
				7934B8EF283F4B680054DAA9 /* JsonStoragee */,
				79538295283925AE003D85ED /* AddPizzaView */,
				79538294283925A6003D85ED /* Model */,
				79538296283925BB003D85ED /* FavouriteView */,
				79538297283925C6003D85ED /* MainView */,
				7943E350283A1958007EE522 /* DetailView */,
				7934B8EB283F49650054DAA9 /* DataModel */,
				7953828428392197003D85ED /* pizzaAppApp.swift */,
				7953828628392197003D85ED /* ContentView.swift */,
				7953828828392198003D85ED /* Assets.xcassets */,
				7953828A28392198003D85ED /* Preview Content */,
			);
			path = pizzaApp;
			sourceTree = "<group>";
		};
		7953828A28392198003D85ED /* Preview Content */ = {
			isa = PBXGroup;
			children = (
				7953828B28392198003D85ED /* Preview Assets.xcassets */,
			);
			path = "Preview Content";
			sourceTree = "<group>";
		};
		79538294283925A6003D85ED /* Model */ = {
			isa = PBXGroup;
			children = (
				79538298283925F0003D85ED /* Pizza.swift */,
			);
			path = Model;
			sourceTree = "<group>";
		};
		79538295283925AE003D85ED /* AddPizzaView */ = {
			isa = PBXGroup;
			children = (
				7953829C2839275B003D85ED /* AddPizza.swift */,
			);
			path = AddPizzaView;
			sourceTree = "<group>";
		};
		79538296283925BB003D85ED /* FavouriteView */ = {
			isa = PBXGroup;
			children = (
				7943E3492839DC94007EE522 /* PizzaFavouriteView.swift */,
			);
			path = FavouriteView;
			sourceTree = "<group>";
		};
		79538297283925C6003D85ED /* MainView */ = {
			isa = PBXGroup;
			children = (
				7943E3472839DBE0007EE522 /* PizzaMainView.swift */,
				7943E34B2839F2C2007EE522 /* PizzaListView.swift */,
				7943E34D2839F2CF007EE522 /* PizzaRowView.swift */,
				7943E35A283AA754007EE522 /* PizzaListVIewUnfil.swift */,
			);
			path = MainView;
			sourceTree = "<group>";
		};
/* End PBXGroup section */

/* Begin PBXNativeTarget section */
		7953828028392197003D85ED /* pizzaApp */ = {
			isa = PBXNativeTarget;
			buildConfigurationList = 7953828F28392198003D85ED /* Build configuration list for PBXNativeTarget "pizzaApp" */;
			buildPhases = (
				7953827D28392197003D85ED /* Sources */,
				7953827E28392197003D85ED /* Frameworks */,
				7953827F28392197003D85ED /* Resources */,
			);
			buildRules = (
			);
			dependencies = (
			);
			name = pizzaApp;
			productName = pizzaApp;
			productReference = 7953828128392197003D85ED /* pizzaApp.app */;
			productType = "com.apple.product-type.application";
		};
/* End PBXNativeTarget section */

/* Begin PBXProject section */
		7953827928392197003D85ED /* Project object */ = {
			isa = PBXProject;
			attributes = {
				BuildIndependentTargetsInParallel = 1;
				LastSwiftUpdateCheck = 1330;
				LastUpgradeCheck = 1330;
				TargetAttributes = {
					7953828028392197003D85ED = {
						CreatedOnToolsVersion = 13.3.1;
					};
				};
			};
			buildConfigurationList = 7953827C28392197003D85ED /* Build configuration list for PBXProject "pizzaApp" */;
			compatibilityVersion = "Xcode 13.0";
			developmentRegion = en;
			hasScannedForEncodings = 0;
			knownRegions = (
				en,
				Base,
			);
			mainGroup = 7953827828392197003D85ED;
			productRefGroup = 7953828228392197003D85ED /* Products */;
			projectDirPath = "";
			projectRoot = "";
			targets = (
				7953828028392197003D85ED /* pizzaApp */,
			);
		};
/* End PBXProject section */

/* Begin PBXResourcesBuildPhase section */
		7953827F28392197003D85ED /* Resources */ = {
			isa = PBXResourcesBuildPhase;
			buildActionMask = 2147483647;
			files = (
				7953828C28392198003D85ED /* Preview Assets.xcassets in Resources */,
				7953828928392198003D85ED /* Assets.xcassets in Resources */,
				79538293283924D6003D85ED /* Pizzas.json in Resources */,
			);
			runOnlyForDeploymentPostprocessing = 0;
		};
/* End PBXResourcesBuildPhase section */

/* Begin PBXSourcesBuildPhase section */
		7953827D28392197003D85ED /* Sources */ = {
			isa = PBXSourcesBuildPhase;
			buildActionMask = 2147483647;
			files = (
				7943E34A2839DC94007EE522 /* PizzaFavouriteView.swift in Sources */,
				7953829D2839275B003D85ED /* AddPizza.swift in Sources */,
				7943E352283A197C007EE522 /* PizzaDetailView.swift in Sources */,
				7953828728392197003D85ED /* ContentView.swift in Sources */,
				7943E34C2839F2C2007EE522 /* PizzaListView.swift in Sources */,
				7943E34E2839F2CF007EE522 /* PizzaRowView.swift in Sources */,
				7943E359283A7047007EE522 /* PizzaData.swift in Sources */,
				7953828528392197003D85ED /* pizzaAppApp.swift in Sources */,
				7943E3482839DBE0007EE522 /* PizzaMainView.swift in Sources */,
				7934B8F1283F4B920054DAA9 /* DataController.swift in Sources */,
				7943E35B283AA754007EE522 /* PizzaListVIewUnfil.swift in Sources */,
				7934B8EE283F498C0054DAA9 /* HistoryData.xcdatamodeld in Sources */,
				79538299283925F0003D85ED /* Pizza.swift in Sources */,
			);
			runOnlyForDeploymentPostprocessing = 0;
		};
/* End PBXSourcesBuildPhase section */

/* Begin XCBuildConfiguration section */
		7953828D28392198003D85ED /* Debug */ = {
			isa = XCBuildConfiguration;
			buildSettings = {
				ALWAYS_SEARCH_USER_PATHS = NO;
				CLANG_ANALYZER_NONNULL = YES;
				CLANG_ANALYZER_NUMBER_OBJECT_CONVERSION = YES_AGGRESSIVE;
				CLANG_CXX_LANGUAGE_STANDARD = "gnu++17";
				CLANG_ENABLE_MODULES = YES;
				CLANG_ENABLE_OBJC_ARC = YES;
				CLANG_ENABLE_OBJC_WEAK = YES;
				CLANG_WARN_BLOCK_CAPTURE_AUTORELEASING = YES;
				CLANG_WARN_BOOL_CONVERSION = YES;
				CLANG_WARN_COMMA = YES;
				CLANG_WARN_CONSTANT_CONVERSION = YES;
				CLANG_WARN_DEPRECATED_OBJC_IMPLEMENTATIONS = YES;
				CLANG_WARN_DIRECT_OBJC_ISA_USAGE = YES_ERROR;
				CLANG_WARN_DOCUMENTATION_COMMENTS = YES;
				CLANG_WARN_EMPTY_BODY = YES;
				CLANG_WARN_ENUM_CONVERSION = YES;
				CLANG_WARN_INFINITE_RECURSION = YES;
				CLANG_WARN_INT_CONVERSION = YES;
				CLANG_WARN_NON_LITERAL_NULL_CONVERSION = YES;
				CLANG_WARN_OBJC_IMPLICIT_RETAIN_SELF = YES;
				CLANG_WARN_OBJC_LITERAL_CONVERSION = YES;
				CLANG_WARN_OBJC_ROOT_CLASS = YES_ERROR;
				CLANG_WARN_QUOTED_INCLUDE_IN_FRAMEWORK_HEADER = YES;
				CLANG_WARN_RANGE_LOOP_ANALYSIS = YES;
				CLANG_WARN_STRICT_PROTOTYPES = YES;
				CLANG_WARN_SUSPICIOUS_MOVE = YES;
				CLANG_WARN_UNGUARDED_AVAILABILITY = YES_AGGRESSIVE;
				CLANG_WARN_UNREACHABLE_CODE = YES;
				CLANG_WARN__DUPLICATE_METHOD_MATCH = YES;
				COPY_PHASE_STRIP = NO;
				DEBUG_INFORMATION_FORMAT = dwarf;
				ENABLE_STRICT_OBJC_MSGSEND = YES;
				ENABLE_TESTABILITY = YES;
				GCC_C_LANGUAGE_STANDARD = gnu11;
				GCC_DYNAMIC_NO_PIC = NO;
				GCC_NO_COMMON_BLOCKS = YES;
				GCC_OPTIMIZATION_LEVEL = 0;
				GCC_PREPROCESSOR_DEFINITIONS = (
					"DEBUG=1",
					"$(inherited)",
				);
				GCC_WARN_64_TO_32_BIT_CONVERSION = YES;
				GCC_WARN_ABOUT_RETURN_TYPE = YES_ERROR;
				GCC_WARN_UNDECLARED_SELECTOR = YES;
				GCC_WARN_UNINITIALIZED_AUTOS = YES_AGGRESSIVE;
				GCC_WARN_UNUSED_FUNCTION = YES;
				GCC_WARN_UNUSED_VARIABLE = YES;
				IPHONEOS_DEPLOYMENT_TARGET = 15.4;
				MTL_ENABLE_DEBUG_INFO = INCLUDE_SOURCE;
				MTL_FAST_MATH = YES;
				ONLY_ACTIVE_ARCH = YES;
				SDKROOT = iphoneos;
				SWIFT_ACTIVE_COMPILATION_CONDITIONS = DEBUG;
				SWIFT_OPTIMIZATION_LEVEL = "-Onone";
			};
			name = Debug;
		};
		7953828E28392198003D85ED /* Release */ = {
			isa = XCBuildConfiguration;
			buildSettings = {
				ALWAYS_SEARCH_USER_PATHS = NO;
				CLANG_ANALYZER_NONNULL = YES;
				CLANG_ANALYZER_NUMBER_OBJECT_CONVERSION = YES_AGGRESSIVE;
				CLANG_CXX_LANGUAGE_STANDARD = "gnu++17";
				CLANG_ENABLE_MODULES = YES;
				CLANG_ENABLE_OBJC_ARC = YES;
				CLANG_ENABLE_OBJC_WEAK = YES;
				CLANG_WARN_BLOCK_CAPTURE_AUTORELEASING = YES;
				CLANG_WARN_BOOL_CONVERSION = YES;
				CLANG_WARN_COMMA = YES;
				CLANG_WARN_CONSTANT_CONVERSION = YES;
				CLANG_WARN_DEPRECATED_OBJC_IMPLEMENTATIONS = YES;
				CLANG_WARN_DIRECT_OBJC_ISA_USAGE = YES_ERROR;
				CLANG_WARN_DOCUMENTATION_COMMENTS = YES;
				CLANG_WARN_EMPTY_BODY = YES;
				CLANG_WARN_ENUM_CONVERSION = YES;
				CLANG_WARN_INFINITE_RECURSION = YES;
				CLANG_WARN_INT_CONVERSION = YES;
				CLANG_WARN_NON_LITERAL_NULL_CONVERSION = YES;
				CLANG_WARN_OBJC_IMPLICIT_RETAIN_SELF = YES;
				CLANG_WARN_OBJC_LITERAL_CONVERSION = YES;
				CLANG_WARN_OBJC_ROOT_CLASS = YES_ERROR;
				CLANG_WARN_QUOTED_INCLUDE_IN_FRAMEWORK_HEADER = YES;
				CLANG_WARN_RANGE_LOOP_ANALYSIS = YES;
				CLANG_WARN_STRICT_PROTOTYPES = YES;
				CLANG_WARN_SUSPICIOUS_MOVE = YES;
				CLANG_WARN_UNGUARDED_AVAILABILITY = YES_AGGRESSIVE;
				CLANG_WARN_UNREACHABLE_CODE = YES;
				CLANG_WARN__DUPLICATE_METHOD_MATCH = YES;
				COPY_PHASE_STRIP = NO;
				DEBUG_INFORMATION_FORMAT = "dwarf-with-dsym";
				ENABLE_NS_ASSERTIONS = NO;
				ENABLE_STRICT_OBJC_MSGSEND = YES;
				GCC_C_LANGUAGE_STANDARD = gnu11;
				GCC_NO_COMMON_BLOCKS = YES;
				GCC_WARN_64_TO_32_BIT_CONVERSION = YES;
				GCC_WARN_ABOUT_RETURN_TYPE = YES_ERROR;
				GCC_WARN_UNDECLARED_SELECTOR = YES;
				GCC_WARN_UNINITIALIZED_AUTOS = YES_AGGRESSIVE;
				GCC_WARN_UNUSED_FUNCTION = YES;
				GCC_WARN_UNUSED_VARIABLE = YES;
				IPHONEOS_DEPLOYMENT_TARGET = 15.4;
				MTL_ENABLE_DEBUG_INFO = NO;
				MTL_FAST_MATH = YES;
				SDKROOT = iphoneos;
				SWIFT_COMPILATION_MODE = wholemodule;
				SWIFT_OPTIMIZATION_LEVEL = "-O";
				VALIDATE_PRODUCT = YES;
			};
			name = Release;
		};
		7953829028392198003D85ED /* Debug */ = {
			isa = XCBuildConfiguration;
			buildSettings = {
				ASSETCATALOG_COMPILER_APPICON_NAME = AppIcon;
				ASSETCATALOG_COMPILER_GLOBAL_ACCENT_COLOR_NAME = AccentColor;
				CODE_SIGN_STYLE = Automatic;
				CURRENT_PROJECT_VERSION = 1;
				DEVELOPMENT_ASSET_PATHS = "\"pizzaApp/Preview Content\"";
				DEVELOPMENT_TEAM = T52649R4C5;
				ENABLE_PREVIEWS = YES;
				GENERATE_INFOPLIST_FILE = YES;
				INFOPLIST_KEY_UIApplicationSceneManifest_Generation = YES;
				INFOPLIST_KEY_UIApplicationSupportsIndirectInputEvents = YES;
				INFOPLIST_KEY_UILaunchScreen_Generation = YES;
				INFOPLIST_KEY_UISupportedInterfaceOrientations_iPad = "UIInterfaceOrientationPortrait UIInterfaceOrientationPortraitUpsideDown UIInterfaceOrientationLandscapeLeft UIInterfaceOrientationLandscapeRight";
				INFOPLIST_KEY_UISupportedInterfaceOrientations_iPhone = "UIInterfaceOrientationPortrait UIInterfaceOrientationLandscapeLeft UIInterfaceOrientationLandscapeRight";
				LD_RUNPATH_SEARCH_PATHS = (
					"$(inherited)",
					"@executable_path/Frameworks",
				);
				MARKETING_VERSION = 1.0;
				PRODUCT_BUNDLE_IDENTIFIER = com.sathush.Cw2.pizzaApp;
				PRODUCT_NAME = "$(TARGET_NAME)";
				SWIFT_EMIT_LOC_STRINGS = YES;
				SWIFT_VERSION = 5.0;
				TARGETED_DEVICE_FAMILY = "1,2";
			};
			name = Debug;
		};
		7953829128392198003D85ED /* Release */ = {
			isa = XCBuildConfiguration;
			buildSettings = {
				ASSETCATALOG_COMPILER_APPICON_NAME = AppIcon;
				ASSETCATALOG_COMPILER_GLOBAL_ACCENT_COLOR_NAME = AccentColor;
				CODE_SIGN_STYLE = Automatic;
				CURRENT_PROJECT_VERSION = 1;
				DEVELOPMENT_ASSET_PATHS = "\"pizzaApp/Preview Content\"";
				DEVELOPMENT_TEAM = T52649R4C5;
				ENABLE_PREVIEWS = YES;
				GENERATE_INFOPLIST_FILE = YES;
				INFOPLIST_KEY_UIApplicationSceneManifest_Generation = YES;
				INFOPLIST_KEY_UIApplicationSupportsIndirectInputEvents = YES;
				INFOPLIST_KEY_UILaunchScreen_Generation = YES;
				INFOPLIST_KEY_UISupportedInterfaceOrientations_iPad = "UIInterfaceOrientationPortrait UIInterfaceOrientationPortraitUpsideDown UIInterfaceOrientationLandscapeLeft UIInterfaceOrientationLandscapeRight";
				INFOPLIST_KEY_UISupportedInterfaceOrientations_iPhone = "UIInterfaceOrientationPortrait UIInterfaceOrientationLandscapeLeft UIInterfaceOrientationLandscapeRight";
				LD_RUNPATH_SEARCH_PATHS = (
					"$(inherited)",
					"@executable_path/Frameworks",
				);
				MARKETING_VERSION = 1.0;
				PRODUCT_BUNDLE_IDENTIFIER = com.sathush.Cw2.pizzaApp;
				PRODUCT_NAME = "$(TARGET_NAME)";
				SWIFT_EMIT_LOC_STRINGS = YES;
				SWIFT_VERSION = 5.0;
				TARGETED_DEVICE_FAMILY = "1,2";
			};
			name = Release;
		};
/* End XCBuildConfiguration section */

/* Begin XCConfigurationList section */
		7953827C28392197003D85ED /* Build configuration list for PBXProject "pizzaApp" */ = {
			isa = XCConfigurationList;
			buildConfigurations = (
				7953828D28392198003D85ED /* Debug */,
				7953828E28392198003D85ED /* Release */,
			);
			defaultConfigurationIsVisible = 0;
			defaultConfigurationName = Release;
		};
		7953828F28392198003D85ED /* Build configuration list for PBXNativeTarget "pizzaApp" */ = {
			isa = XCConfigurationList;
			buildConfigurations = (
				7953829028392198003D85ED /* Debug */,
				7953829128392198003D85ED /* Release */,
			);
			defaultConfigurationIsVisible = 0;
			defaultConfigurationName = Release;
		};
/* End XCConfigurationList section */

/* Begin XCVersionGroup section */
		7934B8EC283F498C0054DAA9 /* HistoryData.xcdatamodeld */ = {
			isa = XCVersionGroup;
			children = (
				7934B8ED283F498C0054DAA9 /* FavouritesData.xcdatamodel */,
			);
			currentVersion = 7934B8ED283F498C0054DAA9 /* FavouritesData.xcdatamodel */;
			path = HistoryData.xcdatamodeld;
			sourceTree = "<group>";
			versionGroupType = wrapper.xcdatamodel;
		};
/* End XCVersionGroup section */
	};
	rootObject = 7953827928392197003D85ED /* Project object */;
}
